
Microsoft Visual Studio Solution File, Format Version 12.00
# Visual Studio Version 16
VisualStudioVersion = 16.0.29519.87
MinimumVisualStudioVersion = 10.0.40219.1
Project("{FAE04EC0-301F-11D3-BF4B-00C04F79EFBC}") = "Zadanie2", "Zadanie2\Zadanie2.csproj", "{3FC1F948-5274-4721-A23B-6CD65E7BDF36}"
EndProject
Project("{FAE04EC0-301F-11D3-BF4B-00C04F79EFBC}") = "Zadanie2.Test", "Zadanie2.Test\Zadanie2.Test.csproj", "{0717F35A-313E-41DE-AFE4-481B3A4F5D47}"
EndProject
Global
	GlobalSection(SolutionConfigurationPlatforms) = preSolution
		Debug|Any CPU = Debug|Any CPU
		Release|Any CPU = Release|Any CPU
	EndGlobalSection
	GlobalSection(ProjectConfigurationPlatforms) = postSolution
		{3FC1F948-5274-4721-A23B-6CD65E7BDF36}.Debug|Any CPU.ActiveCfg = Debug|Any CPU
		{3FC1F948-5274-4721-A23B-6CD65E7BDF36}.Debug|Any CPU.Build.0 = Debug|Any CPU
		{3FC1F948-5274-4721-A23B-6CD65E7BDF36}.Release|Any CPU.ActiveCfg = Release|Any CPU
		{3FC1F948-5274-4721-A23B-6CD65E7BDF36}.Release|Any CPU.Build.0 = Release|Any CPU
		{0717F35A-313E-41DE-AFE4-481B3A4F5D47}.Debug|Any CPU.ActiveCfg = Debug|Any CPU
		{0717F35A-313E-41DE-AFE4-481B3A4F5D47}.Debug|Any CPU.Build.0 = Debug|Any CPU
		{0717F35A-313E-41DE-AFE4-481B3A4F5D47}.Release|Any CPU.ActiveCfg = Release|Any CPU
		{0717F35A-313E-41DE-AFE4-481B3A4F5D47}.Release|Any CPU.Build.0 = Release|Any CPU
	EndGlobalSection
	GlobalSection(SolutionProperties) = preSolution
		HideSolutionNode = FALSE
	EndGlobalSection
	GlobalSection(ExtensibilityGlobals) = postSolution
		SolutionGuid = {E254ADA0-0197-4A1C-82D0-7D3AAF973A83}
	EndGlobalSection
EndGlobal
